
Microsoft Visual Studio Solution File, Format Version 12.00
# Visual Studio Version 17
VisualStudioVersion = 17.14.36518.9 d17.14
MinimumVisualStudioVersion = 10.0.40219.1
Project("{FAE04EC0-301F-11D3-BF4B-00C04F79EFBC}") = "BigBank", "BigBank\BigBank.csproj", "{E0097235-5881-4A4F-ABF5-380D807D77D5}"
EndProject
Global
	GlobalSection(SolutionConfigurationPlatforms) = preSolution
		Debug|Any CPU = Debug|Any CPU
		Release|Any CPU = Release|Any CPU
	EndGlobalSection
	GlobalSection(ProjectConfigurationPlatforms) = postSolution
		{E0097235-5881-4A4F-ABF5-380D807D77D5}.Debug|Any CPU.ActiveCfg = Debug|Any CPU
		{E0097235-5881-4A4F-ABF5-380D807D77D5}.Debug|Any CPU.Build.0 = Debug|Any CPU
		{E0097235-5881-4A4F-ABF5-380D807D77D5}.Release|Any CPU.ActiveCfg = Release|Any CPU
		{E0097235-5881-4A4F-ABF5-380D807D77D5}.Release|Any CPU.Build.0 = Release|Any CPU
	EndGlobalSection
	GlobalSection(SolutionProperties) = preSolution
		HideSolutionNode = FALSE
	EndGlobalSection
	GlobalSection(ExtensibilityGlobals) = postSolution
		SolutionGuid = {5841FD04-5117-4F37-A9DF-E4E039B16F54}
	EndGlobalSection
EndGlobal
